
Microsoft Visual Studio Solution File, Format Version 12.00
# Visual Studio Version 17
VisualStudioVersion = 17.14.36511.14 d17.14
MinimumVisualStudioVersion = 10.0.40219.1
Project("{2150E333-8FDC-42A3-9474-1A3956D46DE8}") = "Task0", "Task0", "{02EA681E-C7D8-13C7-8484-4AC65E1B71E8}"
EndProject
Project("{FAE04EC0-301F-11D3-BF4B-00C04F79EFBC}") = "Tyuiu.BubenkoLG.Sprint3.Task0.V26", "Tyuiu.BubenkoLG.Sprint3.Task0.V26\Tyuiu.BubenkoLG.Sprint3.Task0.V26.csproj", "{9B8E537F-85FC-4600-ACB1-B54C7ACDBCB7}"
EndProject
Project("{FAE04EC0-301F-11D3-BF4B-00C04F79EFBC}") = "Tyuiu.BubenkoLG.Sprint3.Task0.V26.Test", "Tyuiu.BubenkoLG.Sprint3.Task0.V26.Test\Tyuiu.BubenkoLG.Sprint3.Task0.V26.Test.csproj", "{1BA69D4F-CE43-4AEA-9500-B0F453AF178E}"
EndProject
Project("{FAE04EC0-301F-11D3-BF4B-00C04F79EFBC}") = "Tyuiu.BubenkoLG.Sprint3.Task0.V26.Lib", "Tyuiu.BubenkoLG.Sprint3.Task0.V26.Lib\Tyuiu.BubenkoLG.Sprint3.Task0.V26.Lib.csproj", "{A2E05559-C363-4D40-8AFF-590A94F42C12}"
EndProject
Project("{2150E333-8FDC-42A3-9474-1A3956D46DE8}") = "Task1", "Task1", "{4C0B7BB1-105F-4A87-ABC1-26C66182D839}"
EndProject
Project("{FAE04EC0-301F-11D3-BF4B-00C04F79EFBC}") = "Tyuiu.BubenkoLG.Sprint3.Task1.V19", "Tyuiu.BubenkoLG.Sprint3.Task1.V19\Tyuiu.BubenkoLG.Sprint3.Task1.V19.csproj", "{8ABB0F30-BC05-4652-ACF5-4FD891A93F75}"
EndProject
Project("{FAE04EC0-301F-11D3-BF4B-00C04F79EFBC}") = "Tyuiu.BubenkoLG.Sprint3.Task1.V19.Lib", "Tyuiu.BubenkoLG.Sprint3.Task1.V19.Lib\Tyuiu.BubenkoLG.Sprint3.Task1.V19.Lib.csproj", "{7B41C72E-F43C-45D5-8BD1-6C98D6E11809}"
EndProject
Project("{FAE04EC0-301F-11D3-BF4B-00C04F79EFBC}") = "Tyuiu.BubenkoLG.Sprint3.Task1.V19.Test", "Tyuiu.BubenkoLG.Sprint3.Task1.V19.Test\Tyuiu.BubenkoLG.Sprint3.Task1.V19.Test.csproj", "{9106BFDA-5197-47AA-9222-F1C15362263D}"
EndProject
Global
	GlobalSection(SolutionConfigurationPlatforms) = preSolution
		Debug|Any CPU = Debug|Any CPU
		Release|Any CPU = Release|Any CPU
	EndGlobalSection
	GlobalSection(ProjectConfigurationPlatforms) = postSolution
		{9B8E537F-85FC-4600-ACB1-B54C7ACDBCB7}.Debug|Any CPU.ActiveCfg = Debug|Any CPU
		{9B8E537F-85FC-4600-ACB1-B54C7ACDBCB7}.Debug|Any CPU.Build.0 = Debug|Any CPU
		{9B8E537F-85FC-4600-ACB1-B54C7ACDBCB7}.Release|Any CPU.ActiveCfg = Release|Any CPU
		{9B8E537F-85FC-4600-ACB1-B54C7ACDBCB7}.Release|Any CPU.Build.0 = Release|Any CPU
		{1BA69D4F-CE43-4AEA-9500-B0F453AF178E}.Debug|Any CPU.ActiveCfg = Debug|Any CPU
		{1BA69D4F-CE43-4AEA-9500-B0F453AF178E}.Debug|Any CPU.Build.0 = Debug|Any CPU
		{1BA69D4F-CE43-4AEA-9500-B0F453AF178E}.Release|Any CPU.ActiveCfg = Release|Any CPU
		{1BA69D4F-CE43-4AEA-9500-B0F453AF178E}.Release|Any CPU.Build.0 = Release|Any CPU
		{A2E05559-C363-4D40-8AFF-590A94F42C12}.Debug|Any CPU.ActiveCfg = Debug|Any CPU
		{A2E05559-C363-4D40-8AFF-590A94F42C12}.Debug|Any CPU.Build.0 = Debug|Any CPU
		{A2E05559-C363-4D40-8AFF-590A94F42C12}.Release|Any CPU.ActiveCfg = Release|Any CPU
		{A2E05559-C363-4D40-8AFF-590A94F42C12}.Release|Any CPU.Build.0 = Release|Any CPU
		{8ABB0F30-BC05-4652-ACF5-4FD891A93F75}.Debug|Any CPU.ActiveCfg = Debug|Any CPU
		{8ABB0F30-BC05-4652-ACF5-4FD891A93F75}.Debug|Any CPU.Build.0 = Debug|Any CPU
		{8ABB0F30-BC05-4652-ACF5-4FD891A93F75}.Release|Any CPU.ActiveCfg = Release|Any CPU
		{8ABB0F30-BC05-4652-ACF5-4FD891A93F75}.Release|Any CPU.Build.0 = Release|Any CPU
		{7B41C72E-F43C-45D5-8BD1-6C98D6E11809}.Debug|Any CPU.ActiveCfg = Debug|Any CPU
		{7B41C72E-F43C-45D5-8BD1-6C98D6E11809}.Debug|Any CPU.Build.0 = Debug|Any CPU
		{7B41C72E-F43C-45D5-8BD1-6C98D6E11809}.Release|Any CPU.ActiveCfg = Release|Any CPU
		{7B41C72E-F43C-45D5-8BD1-6C98D6E11809}.Release|Any CPU.Build.0 = Release|Any CPU
		{9106BFDA-5197-47AA-9222-F1C15362263D}.Debug|Any CPU.ActiveCfg = Debug|Any CPU
		{9106BFDA-5197-47AA-9222-F1C15362263D}.Debug|Any CPU.Build.0 = Debug|Any CPU
		{9106BFDA-5197-47AA-9222-F1C15362263D}.Release|Any CPU.ActiveCfg = Release|Any CPU
		{9106BFDA-5197-47AA-9222-F1C15362263D}.Release|Any CPU.Build.0 = Release|Any CPU
	EndGlobalSection
	GlobalSection(SolutionProperties) = preSolution
		HideSolutionNode = FALSE
	EndGlobalSection
	GlobalSection(NestedProjects) = preSolution
		{9B8E537F-85FC-4600-ACB1-B54C7ACDBCB7} = {02EA681E-C7D8-13C7-8484-4AC65E1B71E8}
		{1BA69D4F-CE43-4AEA-9500-B0F453AF178E} = {02EA681E-C7D8-13C7-8484-4AC65E1B71E8}
		{A2E05559-C363-4D40-8AFF-590A94F42C12} = {02EA681E-C7D8-13C7-8484-4AC65E1B71E8}
		{8ABB0F30-BC05-4652-ACF5-4FD891A93F75} = {4C0B7BB1-105F-4A87-ABC1-26C66182D839}
		{7B41C72E-F43C-45D5-8BD1-6C98D6E11809} = {4C0B7BB1-105F-4A87-ABC1-26C66182D839}
		{9106BFDA-5197-47AA-9222-F1C15362263D} = {4C0B7BB1-105F-4A87-ABC1-26C66182D839}
	EndGlobalSection
	GlobalSection(ExtensibilityGlobals) = postSolution
		SolutionGuid = {1CADF322-8C2A-41E8-B791-C7C8121E7C82}
	EndGlobalSection
EndGlobal
