
Microsoft Visual Studio Solution File, Format Version 12.00
# Visual Studio Version 17
VisualStudioVersion = 17.14.36511.14
MinimumVisualStudioVersion = 10.0.40219.1
Project("{2150E333-8FDC-42A3-9474-1A3956D46DE8}") = "Task0", "Task0", "{02EA681E-C7D8-13C7-8484-4AC65E1B71E8}"
EndProject
Project("{FAE04EC0-301F-11D3-BF4B-00C04F79EFBC}") = "Tyuiu.BubenkoLG.Sprint3.Task0.V26", "Tyuiu.BubenkoLG.Sprint3.Task0.V26\Tyuiu.BubenkoLG.Sprint3.Task0.V26.csproj", "{9B8E537F-85FC-4600-ACB1-B54C7ACDBCB7}"
EndProject
Project("{FAE04EC0-301F-11D3-BF4B-00C04F79EFBC}") = "Tyuiu.BubenkoLG.Sprint3.Task0.V26.Test", "Tyuiu.BubenkoLG.Sprint3.Task0.V26.Test\Tyuiu.BubenkoLG.Sprint3.Task0.V26.Test.csproj", "{1BA69D4F-CE43-4AEA-9500-B0F453AF178E}"
EndProject
Project("{FAE04EC0-301F-11D3-BF4B-00C04F79EFBC}") = "Tyuiu.BubenkoLG.Sprint3.Task0.V26.Lib", "Tyuiu.BubenkoLG.Sprint3.Task0.V26.Lib\Tyuiu.BubenkoLG.Sprint3.Task0.V26.Lib.csproj", "{A2E05559-C363-4D40-8AFF-590A94F42C12}"
EndProject
Project("{2150E333-8FDC-42A3-9474-1A3956D46DE8}") = "Task1", "Task1", "{4C0B7BB1-105F-4A87-ABC1-26C66182D839}"
EndProject
Project("{FAE04EC0-301F-11D3-BF4B-00C04F79EFBC}") = "Tyuiu.BubenkoLG.Sprint3.Task1.V19", "Tyuiu.BubenkoLG.Sprint3.Task1.V19\Tyuiu.BubenkoLG.Sprint3.Task1.V19.csproj", "{8ABB0F30-BC05-4652-ACF5-4FD891A93F75}"
EndProject
Project("{FAE04EC0-301F-11D3-BF4B-00C04F79EFBC}") = "Tyuiu.BubenkoLG.Sprint3.Task1.V19.Lib", "Tyuiu.BubenkoLG.Sprint3.Task1.V19.Lib\Tyuiu.BubenkoLG.Sprint3.Task1.V19.Lib.csproj", "{7B41C72E-F43C-45D5-8BD1-6C98D6E11809}"
EndProject
Project("{FAE04EC0-301F-11D3-BF4B-00C04F79EFBC}") = "Tyuiu.BubenkoLG.Sprint3.Task1.V19.Test", "Tyuiu.BubenkoLG.Sprint3.Task1.V19.Test\Tyuiu.BubenkoLG.Sprint3.Task1.V19.Test.csproj", "{9106BFDA-5197-47AA-9222-F1C15362263D}"
EndProject
Project("{2150E333-8FDC-42A3-9474-1A3956D46DE8}") = "Task2", "Task2", "{92397216-9FDD-4CEF-9B78-3CA236E0ED71}"
EndProject
Project("{FAE04EC0-301F-11D3-BF4B-00C04F79EFBC}") = "Tyuiu.BubenkoLG.Sprint3.Task2.V14", "Tyuiu.BubenkoLG.Sprint3.Task2.V14\Tyuiu.BubenkoLG.Sprint3.Task2.V14.csproj", "{84F09A09-5FBA-4712-8F8D-80ECA706C2D3}"
EndProject
Project("{FAE04EC0-301F-11D3-BF4B-00C04F79EFBC}") = "Tyuiu.BubenkoLG.Sprint3.Task2.V14.Lib", "Tyuiu.BubenkoLG.Sprint3.Task2.V14.Lib\Tyuiu.BubenkoLG.Sprint3.Task2.V14.Lib.csproj", "{656DBC47-28BC-496F-87E7-8624318B1D9A}"
EndProject
Project("{FAE04EC0-301F-11D3-BF4B-00C04F79EFBC}") = "Tyuiu.BubenkoLG.Sprint3.Task2.V14.Test", "Tyuiu.BubenkoLG.Sprint3.Task2.V14.Test\Tyuiu.BubenkoLG.Sprint3.Task2.V14.Test.csproj", "{0C624112-3A5A-483F-82AD-47EF437771B1}"
EndProject
Project("{2150E333-8FDC-42A3-9474-1A3956D46DE8}") = "Task3", "Task3", "{E30CFFF3-EC63-4B14-8CFA-A9A9570E1DF7}"
EndProject
Project("{FAE04EC0-301F-11D3-BF4B-00C04F79EFBC}") = "Tyuiu.BubenkoLG.Sprint3.Task3.V27", "Tyuiu.BubenkoLG.Sprint3.Task3.V27\Tyuiu.BubenkoLG.Sprint3.Task3.V27.csproj", "{DEDC6B46-2C27-4DD7-B60D-DBDE5A344FDE}"
EndProject
Project("{FAE04EC0-301F-11D3-BF4B-00C04F79EFBC}") = "Tyuiu.BubenkoLG.Sprint3.Task3.V27.Lib", "Tyuiu.BubenkoLG.Sprint3.Task3.V27.Lib\Tyuiu.BubenkoLG.Sprint3.Task3.V27.Lib.csproj", "{51806DD4-923A-4B71-BEA7-0DC0A29B8422}"
EndProject
Project("{FAE04EC0-301F-11D3-BF4B-00C04F79EFBC}") = "Tyuiu.BubenkoLG.Sprint3.Task3.V27.Test", "Tyuiu.BubenkoLG.Sprint3.Task3.V27.Test\Tyuiu.BubenkoLG.Sprint3.Task3.V27.Test.csproj", "{5C66CA44-1BA6-495D-8EF8-D5E5879C92AC}"
EndProject
Project("{2150E333-8FDC-42A3-9474-1A3956D46DE8}") = "Task4", "Task4", "{551FF616-80E8-494D-A262-0DB93787AEB9}"
EndProject
Project("{FAE04EC0-301F-11D3-BF4B-00C04F79EFBC}") = "Tyuiu.BubenkoLG.Sprint3.Task4.V20", "Tyuiu.BubenkoLG.Sprint3.Task4.V20\Tyuiu.BubenkoLG.Sprint3.Task4.V20.csproj", "{C78E1B56-A1EB-405B-8B25-763F25AFF441}"
EndProject
Project("{FAE04EC0-301F-11D3-BF4B-00C04F79EFBC}") = "Tyuiu.BubenkoLG.Sprint3.Task4.V20.Lib", "Tyuiu.BubenkoLG.Sprint3.Task4.V20.Lib\Tyuiu.BubenkoLG.Sprint3.Task4.V20.Lib.csproj", "{51DEA41F-0543-4BCC-9DF5-54FE4EEFAD42}"
EndProject
Project("{FAE04EC0-301F-11D3-BF4B-00C04F79EFBC}") = "Tyuiu.BubenkoLG.Sprint3.Task4.V20.Test", "Tyuiu.BubenkoLG.Sprint3.Task4.V20.Test\Tyuiu.BubenkoLG.Sprint3.Task4.V20.Test.csproj", "{FAD00825-6D78-449B-A88B-3E4E7E969BEF}"
EndProject
Project("{2150E333-8FDC-42A3-9474-1A3956D46DE8}") = "Task5", "Task5", "{FB93436B-E2F3-4AD8-9797-BB2DDD9D4BE2}"
EndProject
Project("{FAE04EC0-301F-11D3-BF4B-00C04F79EFBC}") = "Tyuiu.BubenkoLG.Sprint3.Task5.V2", "Tyuiu.BubenkoLG.Sprint3.Task5.V2\Tyuiu.BubenkoLG.Sprint3.Task5.V2.csproj", "{F5B64CEE-A408-429B-988F-65967770E055}"
EndProject
Project("{FAE04EC0-301F-11D3-BF4B-00C04F79EFBC}") = "Tyuiu.BubenkoLG.Sprint3.Task5.V2.Lib", "Tyuiu.BubenkoLG.Sprint3.Task5.V2.Lib\Tyuiu.BubenkoLG.Sprint3.Task5.V2.Lib.csproj", "{08D5EC7E-22FD-4A79-964E-01308CE999C2}"
EndProject
Project("{FAE04EC0-301F-11D3-BF4B-00C04F79EFBC}") = "Tyuiu.BubenkoLG.Sprint3.Task5.V2.Test", "Tyuiu.BubenkoLG.Sprint3.Task5.V2.Test\Tyuiu.BubenkoLG.Sprint3.Task5.V2.Test.csproj", "{42B59EFF-296E-4DB5-9BED-D469C3755481}"
EndProject
Project("{2150E333-8FDC-42A3-9474-1A3956D46DE8}") = "Task6", "Task6", "{8556BE53-1EAE-45D0-8DB1-C832AA8DBEBB}"
EndProject
Project("{FAE04EC0-301F-11D3-BF4B-00C04F79EFBC}") = "Tyuiu.BubenkoLG.Sprint3.Task6.V12", "Tyuiu.BubenkoLG.Sprint3.Task6.V12\Tyuiu.BubenkoLG.Sprint3.Task6.V12.csproj", "{D0A3FD8C-37A7-46AF-B0D1-8BB640E0936D}"
EndProject
Project("{FAE04EC0-301F-11D3-BF4B-00C04F79EFBC}") = "Tyuiu.BubenkoLG.Sprint3.Task6.V12.Lib", "Tyuiu.BubenkoLG.Sprint3.Task6.V12.Lib\Tyuiu.BubenkoLG.Sprint3.Task6.V12.Lib.csproj", "{B2F7FBC9-D754-4B9C-A6DB-9848DEECFE56}"
EndProject
Project("{FAE04EC0-301F-11D3-BF4B-00C04F79EFBC}") = "Tyuiu.BubenkoLG.Sprint3.Task6.V12.Test", "Tyuiu.BubenkoLG.Sprint3.Task6.V12.Test\Tyuiu.BubenkoLG.Sprint3.Task6.V12.Test.csproj", "{FC0CF98D-91DB-44D8-A37B-6728B9672B89}"
EndProject
Project("{2150E333-8FDC-42A3-9474-1A3956D46DE8}") = "Task7", "Task7", "{6A3DFE80-67B2-4405-8C34-988731CBF2CD}"
EndProject
Project("{FAE04EC0-301F-11D3-BF4B-00C04F79EFBC}") = "Tyuiu.BubenkoLG.Sprint3.Task7.V5", "Tyuiu.BubenkoLG.Sprint3.Task7.V5\Tyuiu.BubenkoLG.Sprint3.Task7.V5.csproj", "{A552D157-52F8-4321-9995-953F48969717}"
EndProject
Project("{FAE04EC0-301F-11D3-BF4B-00C04F79EFBC}") = "Tyuiu.BubenkoLG.Sprint3.Task7.V5.Lib", "Tyuiu.BubenkoLG.Sprint3.Task7.V5.Lib\Tyuiu.BubenkoLG.Sprint3.Task7.V5.Lib.csproj", "{69962A90-682B-4D6C-A494-941F984E277B}"
EndProject
Project("{FAE04EC0-301F-11D3-BF4B-00C04F79EFBC}") = "Tyuiu.BubenkoLG.Sprint3.Task7.V5.Test", "Tyuiu.BubenkoLG.Sprint3.Task7.V5.Test\Tyuiu.BubenkoLG.Sprint3.Task7.V5.Test.csproj", "{2F8691AC-4F0B-4858-8D52-C9C797EBDB17}"
EndProject
Global
	GlobalSection(SolutionConfigurationPlatforms) = preSolution
		Debug|Any CPU = Debug|Any CPU
		Release|Any CPU = Release|Any CPU
	EndGlobalSection
	GlobalSection(ProjectConfigurationPlatforms) = postSolution
		{9B8E537F-85FC-4600-ACB1-B54C7ACDBCB7}.Debug|Any CPU.ActiveCfg = Debug|Any CPU
		{9B8E537F-85FC-4600-ACB1-B54C7ACDBCB7}.Debug|Any CPU.Build.0 = Debug|Any CPU
		{9B8E537F-85FC-4600-ACB1-B54C7ACDBCB7}.Release|Any CPU.ActiveCfg = Release|Any CPU
		{9B8E537F-85FC-4600-ACB1-B54C7ACDBCB7}.Release|Any CPU.Build.0 = Release|Any CPU
		{1BA69D4F-CE43-4AEA-9500-B0F453AF178E}.Debug|Any CPU.ActiveCfg = Debug|Any CPU
		{1BA69D4F-CE43-4AEA-9500-B0F453AF178E}.Debug|Any CPU.Build.0 = Debug|Any CPU
		{1BA69D4F-CE43-4AEA-9500-B0F453AF178E}.Release|Any CPU.ActiveCfg = Release|Any CPU
		{1BA69D4F-CE43-4AEA-9500-B0F453AF178E}.Release|Any CPU.Build.0 = Release|Any CPU
		{A2E05559-C363-4D40-8AFF-590A94F42C12}.Debug|Any CPU.ActiveCfg = Debug|Any CPU
		{A2E05559-C363-4D40-8AFF-590A94F42C12}.Debug|Any CPU.Build.0 = Debug|Any CPU
		{A2E05559-C363-4D40-8AFF-590A94F42C12}.Release|Any CPU.ActiveCfg = Release|Any CPU
		{A2E05559-C363-4D40-8AFF-590A94F42C12}.Release|Any CPU.Build.0 = Release|Any CPU
		{8ABB0F30-BC05-4652-ACF5-4FD891A93F75}.Debug|Any CPU.ActiveCfg = Debug|Any CPU
		{8ABB0F30-BC05-4652-ACF5-4FD891A93F75}.Debug|Any CPU.Build.0 = Debug|Any CPU
		{8ABB0F30-BC05-4652-ACF5-4FD891A93F75}.Release|Any CPU.ActiveCfg = Release|Any CPU
		{8ABB0F30-BC05-4652-ACF5-4FD891A93F75}.Release|Any CPU.Build.0 = Release|Any CPU
		{7B41C72E-F43C-45D5-8BD1-6C98D6E11809}.Debug|Any CPU.ActiveCfg = Debug|Any CPU
		{7B41C72E-F43C-45D5-8BD1-6C98D6E11809}.Debug|Any CPU.Build.0 = Debug|Any CPU
		{7B41C72E-F43C-45D5-8BD1-6C98D6E11809}.Release|Any CPU.ActiveCfg = Release|Any CPU
		{7B41C72E-F43C-45D5-8BD1-6C98D6E11809}.Release|Any CPU.Build.0 = Release|Any CPU
		{9106BFDA-5197-47AA-9222-F1C15362263D}.Debug|Any CPU.ActiveCfg = Debug|Any CPU
		{9106BFDA-5197-47AA-9222-F1C15362263D}.Debug|Any CPU.Build.0 = Debug|Any CPU
		{9106BFDA-5197-47AA-9222-F1C15362263D}.Release|Any CPU.ActiveCfg = Release|Any CPU
		{9106BFDA-5197-47AA-9222-F1C15362263D}.Release|Any CPU.Build.0 = Release|Any CPU
		{84F09A09-5FBA-4712-8F8D-80ECA706C2D3}.Debug|Any CPU.ActiveCfg = Debug|Any CPU
		{84F09A09-5FBA-4712-8F8D-80ECA706C2D3}.Debug|Any CPU.Build.0 = Debug|Any CPU
		{84F09A09-5FBA-4712-8F8D-80ECA706C2D3}.Release|Any CPU.ActiveCfg = Release|Any CPU
		{84F09A09-5FBA-4712-8F8D-80ECA706C2D3}.Release|Any CPU.Build.0 = Release|Any CPU
		{656DBC47-28BC-496F-87E7-8624318B1D9A}.Debug|Any CPU.ActiveCfg = Debug|Any CPU
		{656DBC47-28BC-496F-87E7-8624318B1D9A}.Debug|Any CPU.Build.0 = Debug|Any CPU
		{656DBC47-28BC-496F-87E7-8624318B1D9A}.Release|Any CPU.ActiveCfg = Release|Any CPU
		{656DBC47-28BC-496F-87E7-8624318B1D9A}.Release|Any CPU.Build.0 = Release|Any CPU
		{0C624112-3A5A-483F-82AD-47EF437771B1}.Debug|Any CPU.ActiveCfg = Debug|Any CPU
		{0C624112-3A5A-483F-82AD-47EF437771B1}.Debug|Any CPU.Build.0 = Debug|Any CPU
		{0C624112-3A5A-483F-82AD-47EF437771B1}.Release|Any CPU.ActiveCfg = Release|Any CPU
		{0C624112-3A5A-483F-82AD-47EF437771B1}.Release|Any CPU.Build.0 = Release|Any CPU
		{DEDC6B46-2C27-4DD7-B60D-DBDE5A344FDE}.Debug|Any CPU.ActiveCfg = Debug|Any CPU
		{DEDC6B46-2C27-4DD7-B60D-DBDE5A344FDE}.Debug|Any CPU.Build.0 = Debug|Any CPU
		{DEDC6B46-2C27-4DD7-B60D-DBDE5A344FDE}.Release|Any CPU.ActiveCfg = Release|Any CPU
		{DEDC6B46-2C27-4DD7-B60D-DBDE5A344FDE}.Release|Any CPU.Build.0 = Release|Any CPU
		{51806DD4-923A-4B71-BEA7-0DC0A29B8422}.Debug|Any CPU.ActiveCfg = Debug|Any CPU
		{51806DD4-923A-4B71-BEA7-0DC0A29B8422}.Debug|Any CPU.Build.0 = Debug|Any CPU
		{51806DD4-923A-4B71-BEA7-0DC0A29B8422}.Release|Any CPU.ActiveCfg = Release|Any CPU
		{51806DD4-923A-4B71-BEA7-0DC0A29B8422}.Release|Any CPU.Build.0 = Release|Any CPU
		{5C66CA44-1BA6-495D-8EF8-D5E5879C92AC}.Debug|Any CPU.ActiveCfg = Debug|Any CPU
		{5C66CA44-1BA6-495D-8EF8-D5E5879C92AC}.Debug|Any CPU.Build.0 = Debug|Any CPU
		{5C66CA44-1BA6-495D-8EF8-D5E5879C92AC}.Release|Any CPU.ActiveCfg = Release|Any CPU
		{5C66CA44-1BA6-495D-8EF8-D5E5879C92AC}.Release|Any CPU.Build.0 = Release|Any CPU
		{C78E1B56-A1EB-405B-8B25-763F25AFF441}.Debug|Any CPU.ActiveCfg = Debug|Any CPU
		{C78E1B56-A1EB-405B-8B25-763F25AFF441}.Debug|Any CPU.Build.0 = Debug|Any CPU
		{C78E1B56-A1EB-405B-8B25-763F25AFF441}.Release|Any CPU.ActiveCfg = Release|Any CPU
		{C78E1B56-A1EB-405B-8B25-763F25AFF441}.Release|Any CPU.Build.0 = Release|Any CPU
		{51DEA41F-0543-4BCC-9DF5-54FE4EEFAD42}.Debug|Any CPU.ActiveCfg = Debug|Any CPU
		{51DEA41F-0543-4BCC-9DF5-54FE4EEFAD42}.Debug|Any CPU.Build.0 = Debug|Any CPU
		{51DEA41F-0543-4BCC-9DF5-54FE4EEFAD42}.Release|Any CPU.ActiveCfg = Release|Any CPU
		{51DEA41F-0543-4BCC-9DF5-54FE4EEFAD42}.Release|Any CPU.Build.0 = Release|Any CPU
		{FAD00825-6D78-449B-A88B-3E4E7E969BEF}.Debug|Any CPU.ActiveCfg = Debug|Any CPU
		{FAD00825-6D78-449B-A88B-3E4E7E969BEF}.Debug|Any CPU.Build.0 = Debug|Any CPU
		{FAD00825-6D78-449B-A88B-3E4E7E969BEF}.Release|Any CPU.ActiveCfg = Release|Any CPU
		{FAD00825-6D78-449B-A88B-3E4E7E969BEF}.Release|Any CPU.Build.0 = Release|Any CPU
		{F5B64CEE-A408-429B-988F-65967770E055}.Debug|Any CPU.ActiveCfg = Debug|Any CPU
		{F5B64CEE-A408-429B-988F-65967770E055}.Debug|Any CPU.Build.0 = Debug|Any CPU
		{F5B64CEE-A408-429B-988F-65967770E055}.Release|Any CPU.ActiveCfg = Release|Any CPU
		{F5B64CEE-A408-429B-988F-65967770E055}.Release|Any CPU.Build.0 = Release|Any CPU
		{08D5EC7E-22FD-4A79-964E-01308CE999C2}.Debug|Any CPU.ActiveCfg = Debug|Any CPU
		{08D5EC7E-22FD-4A79-964E-01308CE999C2}.Debug|Any CPU.Build.0 = Debug|Any CPU
		{08D5EC7E-22FD-4A79-964E-01308CE999C2}.Release|Any CPU.ActiveCfg = Release|Any CPU
		{08D5EC7E-22FD-4A79-964E-01308CE999C2}.Release|Any CPU.Build.0 = Release|Any CPU
		{42B59EFF-296E-4DB5-9BED-D469C3755481}.Debug|Any CPU.ActiveCfg = Debug|Any CPU
		{42B59EFF-296E-4DB5-9BED-D469C3755481}.Debug|Any CPU.Build.0 = Debug|Any CPU
		{42B59EFF-296E-4DB5-9BED-D469C3755481}.Release|Any CPU.ActiveCfg = Release|Any CPU
		{42B59EFF-296E-4DB5-9BED-D469C3755481}.Release|Any CPU.Build.0 = Release|Any CPU
		{D0A3FD8C-37A7-46AF-B0D1-8BB640E0936D}.Debug|Any CPU.ActiveCfg = Debug|Any CPU
		{D0A3FD8C-37A7-46AF-B0D1-8BB640E0936D}.Debug|Any CPU.Build.0 = Debug|Any CPU
		{D0A3FD8C-37A7-46AF-B0D1-8BB640E0936D}.Release|Any CPU.ActiveCfg = Release|Any CPU
		{D0A3FD8C-37A7-46AF-B0D1-8BB640E0936D}.Release|Any CPU.Build.0 = Release|Any CPU
		{B2F7FBC9-D754-4B9C-A6DB-9848DEECFE56}.Debug|Any CPU.ActiveCfg = Debug|Any CPU
		{B2F7FBC9-D754-4B9C-A6DB-9848DEECFE56}.Debug|Any CPU.Build.0 = Debug|Any CPU
		{B2F7FBC9-D754-4B9C-A6DB-9848DEECFE56}.Release|Any CPU.ActiveCfg = Release|Any CPU
		{B2F7FBC9-D754-4B9C-A6DB-9848DEECFE56}.Release|Any CPU.Build.0 = Release|Any CPU
		{FC0CF98D-91DB-44D8-A37B-6728B9672B89}.Debug|Any CPU.ActiveCfg = Debug|Any CPU
		{FC0CF98D-91DB-44D8-A37B-6728B9672B89}.Debug|Any CPU.Build.0 = Debug|Any CPU
		{FC0CF98D-91DB-44D8-A37B-6728B9672B89}.Release|Any CPU.ActiveCfg = Release|Any CPU
		{FC0CF98D-91DB-44D8-A37B-6728B9672B89}.Release|Any CPU.Build.0 = Release|Any CPU
		{A552D157-52F8-4321-9995-953F48969717}.Debug|Any CPU.ActiveCfg = Debug|Any CPU
		{A552D157-52F8-4321-9995-953F48969717}.Debug|Any CPU.Build.0 = Debug|Any CPU
		{A552D157-52F8-4321-9995-953F48969717}.Release|Any CPU.ActiveCfg = Release|Any CPU
		{A552D157-52F8-4321-9995-953F48969717}.Release|Any CPU.Build.0 = Release|Any CPU
		{69962A90-682B-4D6C-A494-941F984E277B}.Debug|Any CPU.ActiveCfg = Debug|Any CPU
		{69962A90-682B-4D6C-A494-941F984E277B}.Debug|Any CPU.Build.0 = Debug|Any CPU
		{69962A90-682B-4D6C-A494-941F984E277B}.Release|Any CPU.ActiveCfg = Release|Any CPU
		{69962A90-682B-4D6C-A494-941F984E277B}.Release|Any CPU.Build.0 = Release|Any CPU
		{2F8691AC-4F0B-4858-8D52-C9C797EBDB17}.Debug|Any CPU.ActiveCfg = Debug|Any CPU
		{2F8691AC-4F0B-4858-8D52-C9C797EBDB17}.Debug|Any CPU.Build.0 = Debug|Any CPU
		{2F8691AC-4F0B-4858-8D52-C9C797EBDB17}.Release|Any CPU.ActiveCfg = Release|Any CPU
		{2F8691AC-4F0B-4858-8D52-C9C797EBDB17}.Release|Any CPU.Build.0 = Release|Any CPU
	EndGlobalSection
	GlobalSection(SolutionProperties) = preSolution
		HideSolutionNode = FALSE
	EndGlobalSection
	GlobalSection(NestedProjects) = preSolution
		{9B8E537F-85FC-4600-ACB1-B54C7ACDBCB7} = {02EA681E-C7D8-13C7-8484-4AC65E1B71E8}
		{1BA69D4F-CE43-4AEA-9500-B0F453AF178E} = {02EA681E-C7D8-13C7-8484-4AC65E1B71E8}
		{A2E05559-C363-4D40-8AFF-590A94F42C12} = {02EA681E-C7D8-13C7-8484-4AC65E1B71E8}
		{8ABB0F30-BC05-4652-ACF5-4FD891A93F75} = {4C0B7BB1-105F-4A87-ABC1-26C66182D839}
		{7B41C72E-F43C-45D5-8BD1-6C98D6E11809} = {4C0B7BB1-105F-4A87-ABC1-26C66182D839}
		{9106BFDA-5197-47AA-9222-F1C15362263D} = {4C0B7BB1-105F-4A87-ABC1-26C66182D839}
		{84F09A09-5FBA-4712-8F8D-80ECA706C2D3} = {92397216-9FDD-4CEF-9B78-3CA236E0ED71}
		{656DBC47-28BC-496F-87E7-8624318B1D9A} = {92397216-9FDD-4CEF-9B78-3CA236E0ED71}
		{0C624112-3A5A-483F-82AD-47EF437771B1} = {92397216-9FDD-4CEF-9B78-3CA236E0ED71}
		{DEDC6B46-2C27-4DD7-B60D-DBDE5A344FDE} = {E30CFFF3-EC63-4B14-8CFA-A9A9570E1DF7}
		{51806DD4-923A-4B71-BEA7-0DC0A29B8422} = {E30CFFF3-EC63-4B14-8CFA-A9A9570E1DF7}
		{5C66CA44-1BA6-495D-8EF8-D5E5879C92AC} = {E30CFFF3-EC63-4B14-8CFA-A9A9570E1DF7}
		{C78E1B56-A1EB-405B-8B25-763F25AFF441} = {551FF616-80E8-494D-A262-0DB93787AEB9}
		{51DEA41F-0543-4BCC-9DF5-54FE4EEFAD42} = {551FF616-80E8-494D-A262-0DB93787AEB9}
		{FAD00825-6D78-449B-A88B-3E4E7E969BEF} = {551FF616-80E8-494D-A262-0DB93787AEB9}
		{F5B64CEE-A408-429B-988F-65967770E055} = {FB93436B-E2F3-4AD8-9797-BB2DDD9D4BE2}
		{08D5EC7E-22FD-4A79-964E-01308CE999C2} = {FB93436B-E2F3-4AD8-9797-BB2DDD9D4BE2}
		{42B59EFF-296E-4DB5-9BED-D469C3755481} = {FB93436B-E2F3-4AD8-9797-BB2DDD9D4BE2}
		{D0A3FD8C-37A7-46AF-B0D1-8BB640E0936D} = {8556BE53-1EAE-45D0-8DB1-C832AA8DBEBB}
		{B2F7FBC9-D754-4B9C-A6DB-9848DEECFE56} = {8556BE53-1EAE-45D0-8DB1-C832AA8DBEBB}
		{FC0CF98D-91DB-44D8-A37B-6728B9672B89} = {8556BE53-1EAE-45D0-8DB1-C832AA8DBEBB}
		{A552D157-52F8-4321-9995-953F48969717} = {6A3DFE80-67B2-4405-8C34-988731CBF2CD}
		{69962A90-682B-4D6C-A494-941F984E277B} = {6A3DFE80-67B2-4405-8C34-988731CBF2CD}
		{2F8691AC-4F0B-4858-8D52-C9C797EBDB17} = {6A3DFE80-67B2-4405-8C34-988731CBF2CD}
	EndGlobalSection
	GlobalSection(ExtensibilityGlobals) = postSolution
		SolutionGuid = {1CADF322-8C2A-41E8-B791-C7C8121E7C82}
	EndGlobalSection
EndGlobal
